# This file is generated by running "yarn install" inside your project.
# Manual changes might be lost - proceed with caution!

__metadata:
  version: 8
  cacheKey: 10c0

"@types/node@npm:^18.14.6":
  version: 18.19.130
  resolution: "@types/node@npm:18.19.130"
  dependencies:
    undici-types: "npm:~5.26.4"
  checksum: 10c0/22ba2bc9f8863101a7e90a56aaeba1eb3ebdc51e847cef4a6d188967ab1acbce9b4f92251372fd0329ecb924bbf610509e122c3dfe346c04dbad04013d4ad7d0
  languageName: node
  linkType: hard

"@types/vscode@npm:^1.75.0":
  version: 1.115.0
  resolution: "@types/vscode@npm:1.115.0"
  checksum: 10c0/ba60ff2707c3b5f472432dddd072c99ddc67af83614051f5f07872a5d1184ded406107f2f05c1ae3b9f2b9b3ab29688210eea3f80c230332d355f804832d1e67
  languageName: node
  linkType: hard

"balanced-match@npm:^1.0.0":
  version: 1.0.2
  resolution: "balanced-match@npm:1.0.2"
  checksum: 10c0/9308baf0a7e4838a82bbfd11e01b1cb0f0cf2893bc1676c27c2a8c0e70cbae1c59120c3268517a8ae7fb6376b4639ef81ca22582611dbee4ed28df945134aaee
  languageName: node
  linkType: hard

"brace-expansion@npm:^2.0.1":
  version: 2.0.3
  resolution: "brace-expansion@npm:2.0.3"
  dependencies:
    balanced-match: "npm:^1.0.0"
  checksum: 10c0/468436c9b2fa6f9e64d0cff8784b21300677571a7196e258593e95e7c3db9973a80fbafdb0f01404d5d298a04dc666eae1fc3c9052e2edbb9f2510541deeddfe
  languageName: node
  linkType: hard

"minimatch@npm:^5.1.0":
  version: 5.1.9
  resolution: "minimatch@npm:5.1.9"
  dependencies:
    brace-expansion: "npm:^2.0.1"
  checksum: 10c0/4202718683815a7288b13e470160a4f9560cf392adef4f453927505817e01ef6b3476ecde13cfcaed17e7326dd3b69ad44eb2daeb19a217c5500f9277893f1d6
  languageName: node
  linkType: hard

"semver@npm:^7.3.7":
  version: 7.7.4
  resolution: "semver@npm:7.7.4"
  bin:
    semver: bin/semver.js
  checksum: 10c0/5215ad0234e2845d4ea5bb9d836d42b03499546ddafb12075566899fc617f68794bb6f146076b6881d755de17d6c6cc73372555879ec7dce2c2feee947866ad2
  languageName: node
  linkType: hard

"tolk-vscode@workspace:.":
  version: 0.0.0-use.local
  resolution: "tolk-vscode@workspace:."
  dependencies:
    "@types/node": "npm:^18.14.6"
    "@types/vscode": "npm:^1.75.0"
    typescript: "npm:^4.9.5"
    vscode-languageclient: "npm:^8.1.0"
  languageName: unknown
  linkType: soft

"typescript@npm:^4.9.5":
  version: 4.9.5
  resolution: "typescript@npm:4.9.5"
  bin:
    tsc: bin/tsc
    tsserver: bin/tsserver
  checksum: 10c0/5f6cad2e728a8a063521328e612d7876e12f0d8a8390d3b3aaa452a6a65e24e9ac8ea22beb72a924fd96ea0a49ea63bb4e251fb922b12eedfb7f7a26475e5c56
  languageName: node
  linkType: hard

"typescript@patch:typescript@npm%3A^4.9.5#optional!builtin<compat/typescript>":
  version: 4.9.5
  resolution: "typescript@patch:typescript@npm%3A4.9.5#optional!builtin<compat/typescript>::version=4.9.5&hash=289587"
  bin:
    tsc: bin/tsc
    tsserver: bin/tsserver
  checksum: 10c0/e3333f887c6829dfe0ab6c1dbe0dd1e3e2aeb56c66460cb85c5440c566f900c833d370ca34eb47558c0c69e78ced4bfe09b8f4f98b6de7afed9b84b8d1dd06a1
  languageName: node
  linkType: hard

"undici-types@npm:~5.26.4":
  version: 5.26.5
  resolution: "undici-types@npm:5.26.5"
  checksum: 10c0/bb673d7876c2d411b6eb6c560e0c571eef4a01c1c19925175d16e3a30c4c428181fb8d7ae802a261f283e4166a0ac435e2f505743aa9e45d893f9a3df017b501
  languageName: node
  linkType: hard

"vscode-jsonrpc@npm:8.1.0":
  version: 8.1.0
  resolution: "vscode-jsonrpc@npm:8.1.0"
  checksum: 10c0/cb797b892227e7997378c6a1563b9849b6ec8190daae6fd18909fff4b33f6a98690bb315b95a3e4eeb9bf373d11896028c2111d71101544dfa16cb18a53cfcaa
  languageName: node
  linkType: hard

"vscode-languageclient@npm:^8.1.0":
  version: 8.1.0
  resolution: "vscode-languageclient@npm:8.1.0"
  dependencies:
    minimatch: "npm:^5.1.0"
    semver: "npm:^7.3.7"
    vscode-languageserver-protocol: "npm:3.17.3"
  checksum: 10c0/dc141a91ec482289aa6e4510eb85bcca31aff8dab98fc369dd3edb45dc3e3b316ddc7618ea4f262a5c530cff21276b037e7b86cf408ee11ed8015b4268c5cba6
  languageName: node
  linkType: hard

"vscode-languageserver-protocol@npm:3.17.3":
  version: 3.17.3
  resolution: "vscode-languageserver-protocol@npm:3.17.3"
  dependencies:
    vscode-jsonrpc: "npm:8.1.0"
    vscode-languageserver-types: "npm:3.17.3"
  checksum: 10c0/c8448cab8c8e3df386825f129a2f06a748510ad3407cb3d2122c6b661e973c32bb2f2612d64ea80e8c0344001adc80ee2f4c8bbce4fa81dd3eef888309457578
  languageName: node
  linkType: hard

"vscode-languageserver-types@npm:3.17.3":
  version: 3.17.3
  resolution: "vscode-languageserver-types@npm:3.17.3"
  checksum: 10c0/a70d4ac0dbc08ba425b97e329e6a5696dabc6a264415bacb861e10d859b224f1b46d1fb41c17b6fdd31b32749d3bdfc819cb1b8a57dbe0d1e70e661ba8cfa397
  languageName: node
  linkType: hard
